
Microsoft Visual Studio Solution File, Format Version 12.00
# Visual Studio 15
VisualStudioVersion = 15.0.28010.2026
MinimumVisualStudioVersion = 10.0.40219.1
Project("{FAE04EC0-301F-11D3-BF4B-00C04F79EFBC}") = "Oop23", "Oop23\Oop23.csproj", "{D9C397A7-772B-41AC-A262-B0C4D4070C33}"
EndProject
Global
	GlobalSection(SolutionConfigurationPlatforms) = preSolution
		Debug|Any CPU = Debug|Any CPU
		Release|Any CPU = Release|Any CPU
	EndGlobalSection
	GlobalSection(ProjectConfigurationPlatforms) = postSolution
		{D9C397A7-772B-41AC-A262-B0C4D4070C33}.Debug|Any CPU.ActiveCfg = Debug|Any CPU
		{D9C397A7-772B-41AC-A262-B0C4D4070C33}.Debug|Any CPU.Build.0 = Debug|Any CPU
		{D9C397A7-772B-41AC-A262-B0C4D4070C33}.Release|Any CPU.ActiveCfg = Release|Any CPU
		{D9C397A7-772B-41AC-A262-B0C4D4070C33}.Release|Any CPU.Build.0 = Release|Any CPU
	EndGlobalSection
	GlobalSection(SolutionProperties) = preSolution
		HideSolutionNode = FALSE
	EndGlobalSection
	GlobalSection(ExtensibilityGlobals) = postSolution
		SolutionGuid = {A367540E-2981-4843-8CBE-81F8DB753109}
	EndGlobalSection
EndGlobal
