
Microsoft Visual Studio Solution File, Format Version 12.00
# Visual Studio 15
VisualStudioVersion = 15.0.28010.2026
MinimumVisualStudioVersion = 10.0.40219.1
Project("{FAE04EC0-301F-11D3-BF4B-00C04F79EFBC}") = "Oop26", "Oop26\Oop26.csproj", "{B4CFD042-A51D-443C-B016-D0225A01CBC6}"
EndProject
Global
	GlobalSection(SolutionConfigurationPlatforms) = preSolution
		Debug|Any CPU = Debug|Any CPU
		Release|Any CPU = Release|Any CPU
	EndGlobalSection
	GlobalSection(ProjectConfigurationPlatforms) = postSolution
		{B4CFD042-A51D-443C-B016-D0225A01CBC6}.Debug|Any CPU.ActiveCfg = Debug|Any CPU
		{B4CFD042-A51D-443C-B016-D0225A01CBC6}.Debug|Any CPU.Build.0 = Debug|Any CPU
		{B4CFD042-A51D-443C-B016-D0225A01CBC6}.Release|Any CPU.ActiveCfg = Release|Any CPU
		{B4CFD042-A51D-443C-B016-D0225A01CBC6}.Release|Any CPU.Build.0 = Release|Any CPU
	EndGlobalSection
	GlobalSection(SolutionProperties) = preSolution
		HideSolutionNode = FALSE
	EndGlobalSection
	GlobalSection(ExtensibilityGlobals) = postSolution
		SolutionGuid = {2E851523-7C58-4845-BF35-92BD4F751C63}
	EndGlobalSection
EndGlobal
