
Microsoft Visual Studio Solution File, Format Version 12.00
# Visual Studio 15
VisualStudioVersion = 15.0.28010.2026
MinimumVisualStudioVersion = 10.0.40219.1
Project("{FAE04EC0-301F-11D3-BF4B-00C04F79EFBC}") = "Task45", "Task45\Task45.csproj", "{272B5A58-902B-486C-BAFD-E8BDD303B176}"
EndProject
Global
	GlobalSection(SolutionConfigurationPlatforms) = preSolution
		Debug|Any CPU = Debug|Any CPU
		Release|Any CPU = Release|Any CPU
	EndGlobalSection
	GlobalSection(ProjectConfigurationPlatforms) = postSolution
		{272B5A58-902B-486C-BAFD-E8BDD303B176}.Debug|Any CPU.ActiveCfg = Debug|Any CPU
		{272B5A58-902B-486C-BAFD-E8BDD303B176}.Debug|Any CPU.Build.0 = Debug|Any CPU
		{272B5A58-902B-486C-BAFD-E8BDD303B176}.Release|Any CPU.ActiveCfg = Release|Any CPU
		{272B5A58-902B-486C-BAFD-E8BDD303B176}.Release|Any CPU.Build.0 = Release|Any CPU
	EndGlobalSection
	GlobalSection(SolutionProperties) = preSolution
		HideSolutionNode = FALSE
	EndGlobalSection
	GlobalSection(ExtensibilityGlobals) = postSolution
		SolutionGuid = {0577187F-0720-4484-94D4-F2A2191F8B2E}
	EndGlobalSection
EndGlobal
