
Microsoft Visual Studio Solution File, Format Version 12.00
# Visual Studio Version 16
VisualStudioVersion = 16.0.29209.62
MinimumVisualStudioVersion = 10.0.40219.1
Project("{FAE04EC0-301F-11D3-BF4B-00C04F79EFBC}") = "Task6.PL", "Task6.PL\Task6.PL.csproj", "{D857FD1F-8A40-4647-8F36-5BB0E719E02D}"
EndProject
Project("{9A19103F-16F7-4668-BE54-9A1E7A4F7556}") = "Task6.BLL", "Task6.BLL\Task6.BLL.csproj", "{7C876BE0-4C90-44BF-BCE6-5F63AD60EB51}"
EndProject
Project("{9A19103F-16F7-4668-BE54-9A1E7A4F7556}") = "Task6.Entities", "Task6.Entities\Task6.Entities.csproj", "{5B7A3433-01DE-4AC1-88D3-349D3B5630DA}"
EndProject
Project("{FAE04EC0-301F-11D3-BF4B-00C04F79EFBC}") = "Task6.DataAL", "Task6.DataAL\Task6.DataAL.csproj", "{F0863702-7470-40EB-94F6-D972FD553A33}"
EndProject
Global
	GlobalSection(SolutionConfigurationPlatforms) = preSolution
		Debug|Any CPU = Debug|Any CPU
		Release|Any CPU = Release|Any CPU
	EndGlobalSection
	GlobalSection(ProjectConfigurationPlatforms) = postSolution
		{D857FD1F-8A40-4647-8F36-5BB0E719E02D}.Debug|Any CPU.ActiveCfg = Debug|Any CPU
		{D857FD1F-8A40-4647-8F36-5BB0E719E02D}.Debug|Any CPU.Build.0 = Debug|Any CPU
		{D857FD1F-8A40-4647-8F36-5BB0E719E02D}.Release|Any CPU.ActiveCfg = Release|Any CPU
		{D857FD1F-8A40-4647-8F36-5BB0E719E02D}.Release|Any CPU.Build.0 = Release|Any CPU
		{7C876BE0-4C90-44BF-BCE6-5F63AD60EB51}.Debug|Any CPU.ActiveCfg = Debug|Any CPU
		{7C876BE0-4C90-44BF-BCE6-5F63AD60EB51}.Debug|Any CPU.Build.0 = Debug|Any CPU
		{7C876BE0-4C90-44BF-BCE6-5F63AD60EB51}.Release|Any CPU.ActiveCfg = Release|Any CPU
		{7C876BE0-4C90-44BF-BCE6-5F63AD60EB51}.Release|Any CPU.Build.0 = Release|Any CPU
		{5B7A3433-01DE-4AC1-88D3-349D3B5630DA}.Debug|Any CPU.ActiveCfg = Debug|Any CPU
		{5B7A3433-01DE-4AC1-88D3-349D3B5630DA}.Debug|Any CPU.Build.0 = Debug|Any CPU
		{5B7A3433-01DE-4AC1-88D3-349D3B5630DA}.Release|Any CPU.ActiveCfg = Release|Any CPU
		{5B7A3433-01DE-4AC1-88D3-349D3B5630DA}.Release|Any CPU.Build.0 = Release|Any CPU
		{F0863702-7470-40EB-94F6-D972FD553A33}.Debug|Any CPU.ActiveCfg = Debug|Any CPU
		{F0863702-7470-40EB-94F6-D972FD553A33}.Debug|Any CPU.Build.0 = Debug|Any CPU
		{F0863702-7470-40EB-94F6-D972FD553A33}.Release|Any CPU.ActiveCfg = Release|Any CPU
		{F0863702-7470-40EB-94F6-D972FD553A33}.Release|Any CPU.Build.0 = Release|Any CPU
	EndGlobalSection
	GlobalSection(SolutionProperties) = preSolution
		HideSolutionNode = FALSE
	EndGlobalSection
	GlobalSection(ExtensibilityGlobals) = postSolution
		SolutionGuid = {FE60DBA7-5F0D-499F-A88F-3FA8B26968AC}
	EndGlobalSection
EndGlobal
