
Microsoft Visual Studio Solution File, Format Version 12.00
# Visual Studio 15
VisualStudioVersion = 15.0.28010.2026
MinimumVisualStudioVersion = 10.0.40219.1
Project("{FAE04EC0-301F-11D3-BF4B-00C04F79EFBC}") = "Intro 01", "Intro 01\Intro 01.csproj", "{1173C944-232F-4DA8-A4D5-36AB4989429E}"
EndProject
Global
	GlobalSection(SolutionConfigurationPlatforms) = preSolution
		Debug|Any CPU = Debug|Any CPU
		Release|Any CPU = Release|Any CPU
	EndGlobalSection
	GlobalSection(ProjectConfigurationPlatforms) = postSolution
		{1173C944-232F-4DA8-A4D5-36AB4989429E}.Debug|Any CPU.ActiveCfg = Debug|Any CPU
		{1173C944-232F-4DA8-A4D5-36AB4989429E}.Debug|Any CPU.Build.0 = Debug|Any CPU
		{1173C944-232F-4DA8-A4D5-36AB4989429E}.Release|Any CPU.ActiveCfg = Release|Any CPU
		{1173C944-232F-4DA8-A4D5-36AB4989429E}.Release|Any CPU.Build.0 = Release|Any CPU
	EndGlobalSection
	GlobalSection(SolutionProperties) = preSolution
		HideSolutionNode = FALSE
	EndGlobalSection
	GlobalSection(ExtensibilityGlobals) = postSolution
		SolutionGuid = {9608DA7C-7250-4153-AE90-8AFC632CD9DB}
	EndGlobalSection
EndGlobal
