
Microsoft Visual Studio Solution File, Format Version 12.00
# Visual Studio 15
VisualStudioVersion = 15.0.28010.2026
MinimumVisualStudioVersion = 10.0.40219.1
Project("{FAE04EC0-301F-11D3-BF4B-00C04F79EFBC}") = "Task32", "Task32\Task32.csproj", "{771F4B49-BDF2-494C-A386-5B39C53585BE}"
EndProject
Global
	GlobalSection(SolutionConfigurationPlatforms) = preSolution
		Debug|Any CPU = Debug|Any CPU
		Release|Any CPU = Release|Any CPU
	EndGlobalSection
	GlobalSection(ProjectConfigurationPlatforms) = postSolution
		{771F4B49-BDF2-494C-A386-5B39C53585BE}.Debug|Any CPU.ActiveCfg = Debug|Any CPU
		{771F4B49-BDF2-494C-A386-5B39C53585BE}.Debug|Any CPU.Build.0 = Debug|Any CPU
		{771F4B49-BDF2-494C-A386-5B39C53585BE}.Release|Any CPU.ActiveCfg = Release|Any CPU
		{771F4B49-BDF2-494C-A386-5B39C53585BE}.Release|Any CPU.Build.0 = Release|Any CPU
	EndGlobalSection
	GlobalSection(SolutionProperties) = preSolution
		HideSolutionNode = FALSE
	EndGlobalSection
	GlobalSection(ExtensibilityGlobals) = postSolution
		SolutionGuid = {9A889E38-7A3A-4BEB-B4A1-F57065A3045E}
	EndGlobalSection
EndGlobal
