
Microsoft Visual Studio Solution File, Format Version 12.00
# Visual Studio 15
VisualStudioVersion = 15.0.28010.2026
MinimumVisualStudioVersion = 10.0.40219.1
Project("{FAE04EC0-301F-11D3-BF4B-00C04F79EFBC}") = "Intro_03", "Intro_03\Intro_03.csproj", "{3C650813-5CCB-48BE-8666-931E9CE6CC4E}"
EndProject
Global
	GlobalSection(SolutionConfigurationPlatforms) = preSolution
		Debug|Any CPU = Debug|Any CPU
		Release|Any CPU = Release|Any CPU
	EndGlobalSection
	GlobalSection(ProjectConfigurationPlatforms) = postSolution
		{3C650813-5CCB-48BE-8666-931E9CE6CC4E}.Debug|Any CPU.ActiveCfg = Debug|Any CPU
		{3C650813-5CCB-48BE-8666-931E9CE6CC4E}.Debug|Any CPU.Build.0 = Debug|Any CPU
		{3C650813-5CCB-48BE-8666-931E9CE6CC4E}.Release|Any CPU.ActiveCfg = Release|Any CPU
		{3C650813-5CCB-48BE-8666-931E9CE6CC4E}.Release|Any CPU.Build.0 = Release|Any CPU
	EndGlobalSection
	GlobalSection(SolutionProperties) = preSolution
		HideSolutionNode = FALSE
	EndGlobalSection
	GlobalSection(ExtensibilityGlobals) = postSolution
		SolutionGuid = {9BA1F11E-04E9-4BD2-9167-191296E2263F}
	EndGlobalSection
EndGlobal
