
Microsoft Visual Studio Solution File, Format Version 12.00
# Visual Studio 15
VisualStudioVersion = 15.0.28010.2026
MinimumVisualStudioVersion = 10.0.40219.1
Project("{FAE04EC0-301F-11D3-BF4B-00C04F79EFBC}") = "Basics15", "Basics15\Basics15.csproj", "{51DB4DDD-139A-44E3-91FB-6E164E1BDCEA}"
EndProject
Global
	GlobalSection(SolutionConfigurationPlatforms) = preSolution
		Debug|Any CPU = Debug|Any CPU
		Release|Any CPU = Release|Any CPU
	EndGlobalSection
	GlobalSection(ProjectConfigurationPlatforms) = postSolution
		{51DB4DDD-139A-44E3-91FB-6E164E1BDCEA}.Debug|Any CPU.ActiveCfg = Debug|Any CPU
		{51DB4DDD-139A-44E3-91FB-6E164E1BDCEA}.Debug|Any CPU.Build.0 = Debug|Any CPU
		{51DB4DDD-139A-44E3-91FB-6E164E1BDCEA}.Release|Any CPU.ActiveCfg = Release|Any CPU
		{51DB4DDD-139A-44E3-91FB-6E164E1BDCEA}.Release|Any CPU.Build.0 = Release|Any CPU
	EndGlobalSection
	GlobalSection(SolutionProperties) = preSolution
		HideSolutionNode = FALSE
	EndGlobalSection
	GlobalSection(ExtensibilityGlobals) = postSolution
		SolutionGuid = {2A5F9723-8A5B-47BB-808A-4C3F5E05F69D}
	EndGlobalSection
EndGlobal
